
Microsoft Visual Studio Solution File, Format Version 12.00
# Visual Studio Version 17
VisualStudioVersion = 17.12.35527.113
MinimumVisualStudioVersion = 10.0.40219.1
Project("{FAE04EC0-301F-11D3-BF4B-00C04F79EFBC}") = "Generalibrary", "Generalibrary\Generalibrary.csproj", "{960A1184-EEA0-450C-8227-BA8258973DD9}"
EndProject
Project("{FAE04EC0-301F-11D3-BF4B-00C04F79EFBC}") = "DiscordManager", "DiscordManager\DiscordManager.csproj", "{C336C554-44DD-4EC3-9252-D8D1D723540C}"
EndProject
Project("{FAE04EC0-301F-11D3-BF4B-00C04F79EFBC}") = "ServerPlatform.Serbot", "Serbot\ServerPlatform.Serbot.csproj", "{E4F6AA21-A5AB-4AF4-BF9C-E0C24E600233}"
	ProjectSection(ProjectDependencies) = postProject
		{960A1184-EEA0-450C-8227-BA8258973DD9} = {960A1184-EEA0-450C-8227-BA8258973DD9}
	EndProjectSection
EndProject
Project("{FAE04EC0-301F-11D3-BF4B-00C04F79EFBC}") = "ServerPlatform", "ServerPlatform\ServerPlatform.csproj", "{0698275B-E1E0-478D-9022-D1295FCACD60}"
EndProject
Project("{FAE04EC0-301F-11D3-BF4B-00C04F79EFBC}") = "ServerPlatform.Orchestrator", "ServerPlatform.Orchestrator\ServerPlatform.Orchestrator.csproj", "{B194DB44-7A4D-45B0-BE39-C4987250C574}"
EndProject
Project("{FAE04EC0-301F-11D3-BF4B-00C04F79EFBC}") = "LibTest", "LibTest\LibTest.csproj", "{F62EE6E0-C6B3-466C-B487-03F98A17BFED}"
EndProject
Project("{FAE04EC0-301F-11D3-BF4B-00C04F79EFBC}") = "ServerPlatform.Agent", "ServerPlatform.Agent\ServerPlatform.Agent.csproj", "{A677C6E9-C6B0-4805-BA50-CBF4A820B6DA}"
EndProject
Global
	GlobalSection(SolutionConfigurationPlatforms) = preSolution
		Debug|Any CPU = Debug|Any CPU
		Release|Any CPU = Release|Any CPU
	EndGlobalSection
	GlobalSection(ProjectConfigurationPlatforms) = postSolution
		{960A1184-EEA0-450C-8227-BA8258973DD9}.Debug|Any CPU.ActiveCfg = Debug|Any CPU
		{960A1184-EEA0-450C-8227-BA8258973DD9}.Debug|Any CPU.Build.0 = Debug|Any CPU
		{960A1184-EEA0-450C-8227-BA8258973DD9}.Release|Any CPU.ActiveCfg = Release|Any CPU
		{960A1184-EEA0-450C-8227-BA8258973DD9}.Release|Any CPU.Build.0 = Release|Any CPU
		{C336C554-44DD-4EC3-9252-D8D1D723540C}.Debug|Any CPU.ActiveCfg = Debug|Any CPU
		{C336C554-44DD-4EC3-9252-D8D1D723540C}.Debug|Any CPU.Build.0 = Debug|Any CPU
		{C336C554-44DD-4EC3-9252-D8D1D723540C}.Release|Any CPU.ActiveCfg = Release|Any CPU
		{C336C554-44DD-4EC3-9252-D8D1D723540C}.Release|Any CPU.Build.0 = Release|Any CPU
		{E4F6AA21-A5AB-4AF4-BF9C-E0C24E600233}.Debug|Any CPU.ActiveCfg = Debug|Any CPU
		{E4F6AA21-A5AB-4AF4-BF9C-E0C24E600233}.Debug|Any CPU.Build.0 = Debug|Any CPU
		{E4F6AA21-A5AB-4AF4-BF9C-E0C24E600233}.Release|Any CPU.ActiveCfg = Release|Any CPU
		{E4F6AA21-A5AB-4AF4-BF9C-E0C24E600233}.Release|Any CPU.Build.0 = Release|Any CPU
		{0698275B-E1E0-478D-9022-D1295FCACD60}.Debug|Any CPU.ActiveCfg = Debug|Any CPU
		{0698275B-E1E0-478D-9022-D1295FCACD60}.Debug|Any CPU.Build.0 = Debug|Any CPU
		{0698275B-E1E0-478D-9022-D1295FCACD60}.Release|Any CPU.ActiveCfg = Release|Any CPU
		{0698275B-E1E0-478D-9022-D1295FCACD60}.Release|Any CPU.Build.0 = Release|Any CPU
		{B194DB44-7A4D-45B0-BE39-C4987250C574}.Debug|Any CPU.ActiveCfg = Debug|Any CPU
		{B194DB44-7A4D-45B0-BE39-C4987250C574}.Debug|Any CPU.Build.0 = Debug|Any CPU
		{B194DB44-7A4D-45B0-BE39-C4987250C574}.Release|Any CPU.ActiveCfg = Release|Any CPU
		{B194DB44-7A4D-45B0-BE39-C4987250C574}.Release|Any CPU.Build.0 = Release|Any CPU
		{F62EE6E0-C6B3-466C-B487-03F98A17BFED}.Debug|Any CPU.ActiveCfg = Debug|Any CPU
		{F62EE6E0-C6B3-466C-B487-03F98A17BFED}.Debug|Any CPU.Build.0 = Debug|Any CPU
		{F62EE6E0-C6B3-466C-B487-03F98A17BFED}.Release|Any CPU.ActiveCfg = Release|Any CPU
		{F62EE6E0-C6B3-466C-B487-03F98A17BFED}.Release|Any CPU.Build.0 = Release|Any CPU
		{A677C6E9-C6B0-4805-BA50-CBF4A820B6DA}.Debug|Any CPU.ActiveCfg = Debug|Any CPU
		{A677C6E9-C6B0-4805-BA50-CBF4A820B6DA}.Debug|Any CPU.Build.0 = Debug|Any CPU
		{A677C6E9-C6B0-4805-BA50-CBF4A820B6DA}.Release|Any CPU.ActiveCfg = Release|Any CPU
		{A677C6E9-C6B0-4805-BA50-CBF4A820B6DA}.Release|Any CPU.Build.0 = Release|Any CPU
	EndGlobalSection
	GlobalSection(SolutionProperties) = preSolution
		HideSolutionNode = FALSE
	EndGlobalSection
EndGlobal
